
Microsoft Visual Studio Solution File, Format Version 12.00
# Visual Studio Version 16
VisualStudioVersion = 16.0.30717.126
MinimumVisualStudioVersion = 10.0.40219.1
Project("{FAE04EC0-301F-11D3-BF4B-00C04F79EFBC}") = "RPG", "RPG\RPG.csproj", "{91026645-FB38-4D82-90BB-9A46638BA593}"
EndProject
Global
	GlobalSection(SolutionConfigurationPlatforms) = preSolution
		Debug|Any CPU = Debug|Any CPU
		Release|Any CPU = Release|Any CPU
	EndGlobalSection
	GlobalSection(ProjectConfigurationPlatforms) = postSolution
		{91026645-FB38-4D82-90BB-9A46638BA593}.Debug|Any CPU.ActiveCfg = Debug|Any CPU
		{91026645-FB38-4D82-90BB-9A46638BA593}.Debug|Any CPU.Build.0 = Debug|Any CPU
		{91026645-FB38-4D82-90BB-9A46638BA593}.Release|Any CPU.ActiveCfg = Release|Any CPU
		{91026645-FB38-4D82-90BB-9A46638BA593}.Release|Any CPU.Build.0 = Release|Any CPU
	EndGlobalSection
	GlobalSection(SolutionProperties) = preSolution
		HideSolutionNode = FALSE
	EndGlobalSection
	GlobalSection(ExtensibilityGlobals) = postSolution
		SolutionGuid = {1E2D507F-5DE4-486E-A5BF-C090C7D3C4CE}
	EndGlobalSection
EndGlobal
